
Microsoft Visual Studio Solution File, Format Version 12.00
# Visual Studio Version 16
VisualStudioVersion = 16.0.30128.74
MinimumVisualStudioVersion = 10.0.40219.1
Project("{FAE04EC0-301F-11D3-BF4B-00C04F79EFBC}") = "Gifter", "Gifter\Gifter.csproj", "{CC514957-A85D-46A8-88B1-5BF861DD75B2}"
EndProject
Global
	GlobalSection(SolutionConfigurationPlatforms) = preSolution
		Debug|Any CPU = Debug|Any CPU
		Release|Any CPU = Release|Any CPU
	EndGlobalSection
	GlobalSection(ProjectConfigurationPlatforms) = postSolution
		{CC514957-A85D-46A8-88B1-5BF861DD75B2}.Debug|Any CPU.ActiveCfg = Debug|Any CPU
		{CC514957-A85D-46A8-88B1-5BF861DD75B2}.Debug|Any CPU.Build.0 = Debug|Any CPU
		{CC514957-A85D-46A8-88B1-5BF861DD75B2}.Release|Any CPU.ActiveCfg = Release|Any CPU
		{CC514957-A85D-46A8-88B1-5BF861DD75B2}.Release|Any CPU.Build.0 = Release|Any CPU
	EndGlobalSection
	GlobalSection(SolutionProperties) = preSolution
		HideSolutionNode = FALSE
	EndGlobalSection
	GlobalSection(ExtensibilityGlobals) = postSolution
		SolutionGuid = {6DD034D0-EB69-41BE-BBDE-2F42C06FC996}
	EndGlobalSection
EndGlobal
